
Microsoft Visual Studio Solution File, Format Version 12.00
# Visual Studio Version 16
VisualStudioVersion = 16.0.29411.108
MinimumVisualStudioVersion = 10.0.40219.1
Project("{FAE04EC0-301F-11D3-BF4B-00C04F79EFBC}") = "kanshufanPlugins", "kanshufan\kanshufanPlugins.csproj", "{1DAB78CC-F948-4F09-A28A-876C5706B07E}"
EndProject
Global
	GlobalSection(SolutionConfigurationPlatforms) = preSolution
		Debug|Any CPU = Debug|Any CPU
		Release|Any CPU = Release|Any CPU
	EndGlobalSection
	GlobalSection(ProjectConfigurationPlatforms) = postSolution
		{1DAB78CC-F948-4F09-A28A-876C5706B07E}.Debug|Any CPU.ActiveCfg = Debug|Any CPU
		{1DAB78CC-F948-4F09-A28A-876C5706B07E}.Debug|Any CPU.Build.0 = Debug|Any CPU
		{1DAB78CC-F948-4F09-A28A-876C5706B07E}.Release|Any CPU.ActiveCfg = Release|Any CPU
		{1DAB78CC-F948-4F09-A28A-876C5706B07E}.Release|Any CPU.Build.0 = Release|Any CPU
	EndGlobalSection
	GlobalSection(SolutionProperties) = preSolution
		HideSolutionNode = FALSE
	EndGlobalSection
	GlobalSection(ExtensibilityGlobals) = postSolution
		SolutionGuid = {3A52D8BB-8F94-4AE9-80B1-E31FE5377582}
	EndGlobalSection
EndGlobal
